
Microsoft Visual Studio Solution File, Format Version 12.00
# Visual Studio Version 17
VisualStudioVersion = 17.13.35931.197
MinimumVisualStudioVersion = 10.0.40219.1
Project("{FAE04EC0-301F-11D3-BF4B-00C04F79EFBC}") = "WinFormsApp2", "WinFormsApp2.csproj", "{859E9909-58A2-F6D1-8EBE-F668FD19D166}"
EndProject
Project("{FAE04EC0-301F-11D3-BF4B-00C04F79EFBC}") = "Database", "..\Database\Database.csproj", "{5BD16865-EA19-E443-5C31-55F4D9896C82}"
EndProject
Project("{FAE04EC0-301F-11D3-BF4B-00C04F79EFBC}") = "GoogleLogic", "..\GoogleLogic\GoogleLogic.csproj", "{2C9AE9FB-AB82-F6B6-A9B3-9B9C1EFE087E}"
EndProject
Project("{FAE04EC0-301F-11D3-BF4B-00C04F79EFBC}") = "TgSLogic", "..\TgSLogic\TgSLogic.csproj", "{E26AD789-FA64-173D-3FB4-2FDE088690CC}"
EndProject
Project("{FAE04EC0-301F-11D3-BF4B-00C04F79EFBC}") = "PayLogic", "..\PayLogic\PayLogic.csproj", "{4FB727B4-36CD-5EEB-7E5F-91634CAECCB8}"
EndProject
Project("{FAE04EC0-301F-11D3-BF4B-00C04F79EFBC}") = "ServiceLogic", "..\ServiceLogic\ServiceLogic.csproj", "{BE7DEE46-FCA4-0B3A-9867-F4C09DCDBEBF}"
EndProject
Global
	GlobalSection(SolutionConfigurationPlatforms) = preSolution
		Debug|Any CPU = Debug|Any CPU
		Debug|x86 = Debug|x86
		Release|Any CPU = Release|Any CPU
		Release|x86 = Release|x86
	EndGlobalSection
	GlobalSection(ProjectConfigurationPlatforms) = postSolution
		{859E9909-58A2-F6D1-8EBE-F668FD19D166}.Debug|Any CPU.ActiveCfg = Debug|Any CPU
		{859E9909-58A2-F6D1-8EBE-F668FD19D166}.Debug|Any CPU.Build.0 = Debug|Any CPU
		{859E9909-58A2-F6D1-8EBE-F668FD19D166}.Debug|x86.ActiveCfg = Debug|x86
		{859E9909-58A2-F6D1-8EBE-F668FD19D166}.Debug|x86.Build.0 = Debug|x86
		{859E9909-58A2-F6D1-8EBE-F668FD19D166}.Release|Any CPU.ActiveCfg = Release|Any CPU
		{859E9909-58A2-F6D1-8EBE-F668FD19D166}.Release|Any CPU.Build.0 = Release|Any CPU
		{859E9909-58A2-F6D1-8EBE-F668FD19D166}.Release|x86.ActiveCfg = Release|x86
		{859E9909-58A2-F6D1-8EBE-F668FD19D166}.Release|x86.Build.0 = Release|x86
		{5BD16865-EA19-E443-5C31-55F4D9896C82}.Debug|Any CPU.ActiveCfg = Debug|Any CPU
		{5BD16865-EA19-E443-5C31-55F4D9896C82}.Debug|Any CPU.Build.0 = Debug|Any CPU
		{5BD16865-EA19-E443-5C31-55F4D9896C82}.Debug|x86.ActiveCfg = Debug|Any CPU
		{5BD16865-EA19-E443-5C31-55F4D9896C82}.Debug|x86.Build.0 = Debug|Any CPU
		{5BD16865-EA19-E443-5C31-55F4D9896C82}.Release|Any CPU.ActiveCfg = Release|Any CPU
		{5BD16865-EA19-E443-5C31-55F4D9896C82}.Release|Any CPU.Build.0 = Release|Any CPU
		{5BD16865-EA19-E443-5C31-55F4D9896C82}.Release|x86.ActiveCfg = Release|Any CPU
		{5BD16865-EA19-E443-5C31-55F4D9896C82}.Release|x86.Build.0 = Release|Any CPU
		{2C9AE9FB-AB82-F6B6-A9B3-9B9C1EFE087E}.Debug|Any CPU.ActiveCfg = Debug|Any CPU
		{2C9AE9FB-AB82-F6B6-A9B3-9B9C1EFE087E}.Debug|Any CPU.Build.0 = Debug|Any CPU
		{2C9AE9FB-AB82-F6B6-A9B3-9B9C1EFE087E}.Debug|x86.ActiveCfg = Debug|Any CPU
		{2C9AE9FB-AB82-F6B6-A9B3-9B9C1EFE087E}.Debug|x86.Build.0 = Debug|Any CPU
		{2C9AE9FB-AB82-F6B6-A9B3-9B9C1EFE087E}.Release|Any CPU.ActiveCfg = Release|Any CPU
		{2C9AE9FB-AB82-F6B6-A9B3-9B9C1EFE087E}.Release|Any CPU.Build.0 = Release|Any CPU
		{2C9AE9FB-AB82-F6B6-A9B3-9B9C1EFE087E}.Release|x86.ActiveCfg = Release|Any CPU
		{2C9AE9FB-AB82-F6B6-A9B3-9B9C1EFE087E}.Release|x86.Build.0 = Release|Any CPU
		{E26AD789-FA64-173D-3FB4-2FDE088690CC}.Debug|Any CPU.ActiveCfg = Debug|Any CPU
		{E26AD789-FA64-173D-3FB4-2FDE088690CC}.Debug|Any CPU.Build.0 = Debug|Any CPU
		{E26AD789-FA64-173D-3FB4-2FDE088690CC}.Debug|x86.ActiveCfg = Debug|Any CPU
		{E26AD789-FA64-173D-3FB4-2FDE088690CC}.Debug|x86.Build.0 = Debug|Any CPU
		{E26AD789-FA64-173D-3FB4-2FDE088690CC}.Release|Any CPU.ActiveCfg = Release|Any CPU
		{E26AD789-FA64-173D-3FB4-2FDE088690CC}.Release|Any CPU.Build.0 = Release|Any CPU
		{E26AD789-FA64-173D-3FB4-2FDE088690CC}.Release|x86.ActiveCfg = Release|Any CPU
		{E26AD789-FA64-173D-3FB4-2FDE088690CC}.Release|x86.Build.0 = Release|Any CPU
		{4FB727B4-36CD-5EEB-7E5F-91634CAECCB8}.Debug|Any CPU.ActiveCfg = Debug|Any CPU
		{4FB727B4-36CD-5EEB-7E5F-91634CAECCB8}.Debug|Any CPU.Build.0 = Debug|Any CPU
		{4FB727B4-36CD-5EEB-7E5F-91634CAECCB8}.Debug|x86.ActiveCfg = Debug|Any CPU
		{4FB727B4-36CD-5EEB-7E5F-91634CAECCB8}.Debug|x86.Build.0 = Debug|Any CPU
		{4FB727B4-36CD-5EEB-7E5F-91634CAECCB8}.Release|Any CPU.ActiveCfg = Release|Any CPU
		{4FB727B4-36CD-5EEB-7E5F-91634CAECCB8}.Release|Any CPU.Build.0 = Release|Any CPU
		{4FB727B4-36CD-5EEB-7E5F-91634CAECCB8}.Release|x86.ActiveCfg = Release|Any CPU
		{4FB727B4-36CD-5EEB-7E5F-91634CAECCB8}.Release|x86.Build.0 = Release|Any CPU
		{BE7DEE46-FCA4-0B3A-9867-F4C09DCDBEBF}.Debug|Any CPU.ActiveCfg = Debug|Any CPU
		{BE7DEE46-FCA4-0B3A-9867-F4C09DCDBEBF}.Debug|Any CPU.Build.0 = Debug|Any CPU
		{BE7DEE46-FCA4-0B3A-9867-F4C09DCDBEBF}.Debug|x86.ActiveCfg = Debug|Any CPU
		{BE7DEE46-FCA4-0B3A-9867-F4C09DCDBEBF}.Debug|x86.Build.0 = Debug|Any CPU
		{BE7DEE46-FCA4-0B3A-9867-F4C09DCDBEBF}.Release|Any CPU.ActiveCfg = Release|Any CPU
		{BE7DEE46-FCA4-0B3A-9867-F4C09DCDBEBF}.Release|Any CPU.Build.0 = Release|Any CPU
		{BE7DEE46-FCA4-0B3A-9867-F4C09DCDBEBF}.Release|x86.ActiveCfg = Release|Any CPU
		{BE7DEE46-FCA4-0B3A-9867-F4C09DCDBEBF}.Release|x86.Build.0 = Release|Any CPU
	EndGlobalSection
	GlobalSection(SolutionProperties) = preSolution
		HideSolutionNode = FALSE
	EndGlobalSection
	GlobalSection(ExtensibilityGlobals) = postSolution
		SolutionGuid = {9D6E55F8-896A-4BFD-99A1-DF7AF6629FBF}
	EndGlobalSection
EndGlobal
